
Microsoft Visual Studio Solution File, Format Version 12.00
# Visual Studio Version 17
VisualStudioVersion = 17.14.36301.6 d17.14
MinimumVisualStudioVersion = 10.0.40219.1
Project("{FAE04EC0-301F-11D3-BF4B-00C04F79EFBC}") = "EmployeeManagementAPI", "EmployeeManagementAPI.csproj", "{92DBE14D-D53B-4E2E-A74F-EA56F248D437}"
EndProject
Global
	GlobalSection(SolutionConfigurationPlatforms) = preSolution
		Debug|Any CPU = Debug|Any CPU
		Release|Any CPU = Release|Any CPU
	EndGlobalSection
	GlobalSection(ProjectConfigurationPlatforms) = postSolution
		{92DBE14D-D53B-4E2E-A74F-EA56F248D437}.Debug|Any CPU.ActiveCfg = Debug|Any CPU
		{92DBE14D-D53B-4E2E-A74F-EA56F248D437}.Debug|Any CPU.Build.0 = Debug|Any CPU
		{92DBE14D-D53B-4E2E-A74F-EA56F248D437}.Release|Any CPU.ActiveCfg = Release|Any CPU
		{92DBE14D-D53B-4E2E-A74F-EA56F248D437}.Release|Any CPU.Build.0 = Release|Any CPU
	EndGlobalSection
	GlobalSection(SolutionProperties) = preSolution
		HideSolutionNode = FALSE
	EndGlobalSection
	GlobalSection(ExtensibilityGlobals) = postSolution
		SolutionGuid = {42B7C313-7712-47F9-8047-3AFA4181200B}
	EndGlobalSection
EndGlobal
